
Microsoft Visual Studio Solution File, Format Version 12.00
# Visual Studio Version 16
VisualStudioVersion = 16.0.30804.86
MinimumVisualStudioVersion = 10.0.40219.1
Project("{FAE04EC0-301F-11D3-BF4B-00C04F79EFBC}") = "PolygonValidator", "PolygonValidator.csproj", "{2B9F6CCD-35D0-4FA4-8D01-26B39E0F710A}"
EndProject
Global
	GlobalSection(SolutionConfigurationPlatforms) = preSolution
		Debug|Any CPU = Debug|Any CPU
		Release|Any CPU = Release|Any CPU
	EndGlobalSection
	GlobalSection(ProjectConfigurationPlatforms) = postSolution
		{2B9F6CCD-35D0-4FA4-8D01-26B39E0F710A}.Debug|Any CPU.ActiveCfg = Debug|Any CPU
		{2B9F6CCD-35D0-4FA4-8D01-26B39E0F710A}.Debug|Any CPU.Build.0 = Debug|Any CPU
		{2B9F6CCD-35D0-4FA4-8D01-26B39E0F710A}.Release|Any CPU.ActiveCfg = Release|Any CPU
		{2B9F6CCD-35D0-4FA4-8D01-26B39E0F710A}.Release|Any CPU.Build.0 = Release|Any CPU
	EndGlobalSection
	GlobalSection(SolutionProperties) = preSolution
		HideSolutionNode = FALSE
	EndGlobalSection
	GlobalSection(ExtensibilityGlobals) = postSolution
		SolutionGuid = {ED084139-D1A2-49E7-9A6A-F15DAC0D7333}
	EndGlobalSection
EndGlobal
